// !$*UTF8*$!
{
	archiveVersion = 1;
	classes = {
	};
	objectVersion = 55;
	objects = {

/* Begin PBXBuildFile section */
		F22B26DF286E654D0034ECBB /* h4x0r_news_appApp.swift in Sources */ = {isa = PBXBuildFile; fileRef = F22B26DE286E654D0034ECBB /* h4x0r_news_appApp.swift */; };
		F22B26E1286E654D0034ECBB /* ContentView.swift in Sources */ = {isa = PBXBuildFile; fileRef = F22B26E0286E654D0034ECBB /* ContentView.swift */; };
		F22B26E3286E65540034ECBB /* Assets.xcassets in Resources */ = {isa = PBXBuildFile; fileRef = F22B26E2286E65540034ECBB /* Assets.xcassets */; };
		F22B26E6286E65540034ECBB /* Preview Assets.xcassets in Resources */ = {isa = PBXBuildFile; fileRef = F22B26E5286E65540034ECBB /* Preview Assets.xcassets */; };
		F22B26EE286E68EF0034ECBB /* Post.swift in Sources */ = {isa = PBXBuildFile; fileRef = F22B26ED286E68EF0034ECBB /* Post.swift */; };
		F22B26F1286E6C720034ECBB /* PostService.swift in Sources */ = {isa = PBXBuildFile; fileRef = F22B26F0286E6C720034ECBB /* PostService.swift */; };
		F22B26F4286E71C60034ECBB /* PostViewModel.swift in Sources */ = {isa = PBXBuildFile; fileRef = F22B26F3286E71C60034ECBB /* PostViewModel.swift */; };
		F22B26F7286E947F0034ECBB /* DetailView.swift in Sources */ = {isa = PBXBuildFile; fileRef = F22B26F6286E947F0034ECBB /* DetailView.swift */; };
		F22B26F9286E99350034ECBB /* WebView.swift in Sources */ = {isa = PBXBuildFile; fileRef = F22B26F8286E99350034ECBB /* WebView.swift */; };
/* End PBXBuildFile section */

/* Begin PBXFileReference section */
		F22B26DB286E654D0034ECBB /* h4x0r-news-app.app */ = {isa = PBXFileReference; explicitFileType = wrapper.application; includeInIndex = 0; path = "h4x0r-news-app.app"; sourceTree = BUILT_PRODUCTS_DIR; };
		F22B26DE286E654D0034ECBB /* h4x0r_news_appApp.swift */ = {isa = PBXFileReference; lastKnownFileType = sourcecode.swift; path = h4x0r_news_appApp.swift; sourceTree = "<group>"; };
		F22B26E0286E654D0034ECBB /* ContentView.swift */ = {isa = PBXFileReference; lastKnownFileType = sourcecode.swift; path = ContentView.swift; sourceTree = "<group>"; };
		F22B26E2286E65540034ECBB /* Assets.xcassets */ = {isa = PBXFileReference; lastKnownFileType = folder.assetcatalog; path = Assets.xcassets; sourceTree = "<group>"; };
		F22B26E5286E65540034ECBB /* Preview Assets.xcassets */ = {isa = PBXFileReference; lastKnownFileType = folder.assetcatalog; path = "Preview Assets.xcassets"; sourceTree = "<group>"; };
		F22B26ED286E68EF0034ECBB /* Post.swift */ = {isa = PBXFileReference; lastKnownFileType = sourcecode.swift; path = Post.swift; sourceTree = "<group>"; };
		F22B26F0286E6C720034ECBB /* PostService.swift */ = {isa = PBXFileReference; lastKnownFileType = sourcecode.swift; path = PostService.swift; sourceTree = "<group>"; };
		F22B26F3286E71C60034ECBB /* PostViewModel.swift */ = {isa = PBXFileReference; lastKnownFileType = sourcecode.swift; path = PostViewModel.swift; sourceTree = "<group>"; };
		F22B26F6286E947F0034ECBB /* DetailView.swift */ = {isa = PBXFileReference; lastKnownFileType = sourcecode.swift; path = DetailView.swift; sourceTree = "<group>"; };
		F22B26F8286E99350034ECBB /* WebView.swift */ = {isa = PBXFileReference; lastKnownFileType = sourcecode.swift; path = WebView.swift; sourceTree = "<group>"; };
/* End PBXFileReference section */

/* Begin PBXFrameworksBuildPhase section */
		F22B26D8286E654D0034ECBB /* Frameworks */ = {
			isa = PBXFrameworksBuildPhase;
			buildActionMask = 2147483647;
			files = (
			);
			runOnlyForDeploymentPostprocessing = 0;
		};
/* End PBXFrameworksBuildPhase section */

/* Begin PBXGroup section */
		F22B26D2286E654D0034ECBB = {
			isa = PBXGroup;
			children = (
				F22B26DD286E654D0034ECBB /* h4x0r-news-app */,
				F22B26DC286E654D0034ECBB /* Products */,
			);
			sourceTree = "<group>";
		};
		F22B26DC286E654D0034ECBB /* Products */ = {
			isa = PBXGroup;
			children = (
				F22B26DB286E654D0034ECBB /* h4x0r-news-app.app */,
			);
			name = Products;
			sourceTree = "<group>";
		};
		F22B26DD286E654D0034ECBB /* h4x0r-news-app */ = {
			isa = PBXGroup;
			children = (
				F22B26F5286E94680034ECBB /* View */,
				F22B26F2286E71BB0034ECBB /* ViewModel */,
				F22B26EF286E6C660034ECBB /* Service */,
				F22B26EC286E68D00034ECBB /* Model */,
				F22B26DE286E654D0034ECBB /* h4x0r_news_appApp.swift */,
				F22B26E2286E65540034ECBB /* Assets.xcassets */,
				F22B26E4286E65540034ECBB /* Preview Content */,
			);
			path = "h4x0r-news-app";
			sourceTree = "<group>";
		};
		F22B26E4286E65540034ECBB /* Preview Content */ = {
			isa = PBXGroup;
			children = (
				F22B26E5286E65540034ECBB /* Preview Assets.xcassets */,
			);
			path = "Preview Content";
			sourceTree = "<group>";
		};
		F22B26EC286E68D00034ECBB /* Model */ = {
			isa = PBXGroup;
			children = (
				F22B26ED286E68EF0034ECBB /* Post.swift */,
			);
			path = Model;
			sourceTree = "<group>";
		};
		F22B26EF286E6C660034ECBB /* Service */ = {
			isa = PBXGroup;
			children = (
				F22B26F0286E6C720034ECBB /* PostService.swift */,
			);
			path = Service;
			sourceTree = "<group>";
		};
		F22B26F2286E71BB0034ECBB /* ViewModel */ = {
			isa = PBXGroup;
			children = (
				F22B26F3286E71C60034ECBB /* PostViewModel.swift */,
			);
			path = ViewModel;
			sourceTree = "<group>";
		};
		F22B26F5286E94680034ECBB /* View */ = {
			isa = PBXGroup;
			children = (
				F22B26E0286E654D0034ECBB /* ContentView.swift */,
				F22B26F6286E947F0034ECBB /* DetailView.swift */,
				F22B26F8286E99350034ECBB /* WebView.swift */,
			);
			path = View;
			sourceTree = "<group>";
		};
/* End PBXGroup section */

/* Begin PBXNativeTarget section */
		F22B26DA286E654D0034ECBB /* h4x0r-news-app */ = {
			isa = PBXNativeTarget;
			buildConfigurationList = F22B26E9286E65540034ECBB /* Build configuration list for PBXNativeTarget "h4x0r-news-app" */;
			buildPhases = (
				F22B26D7286E654D0034ECBB /* Sources */,
				F22B26D8286E654D0034ECBB /* Frameworks */,
				F22B26D9286E654D0034ECBB /* Resources */,
			);
			buildRules = (
			);
			dependencies = (
			);
			name = "h4x0r-news-app";
			productName = "h4x0r-news-app";
			productReference = F22B26DB286E654D0034ECBB /* h4x0r-news-app.app */;
			productType = "com.apple.product-type.application";
		};
/* End PBXNativeTarget section */

/* Begin PBXProject section */
		F22B26D3286E654D0034ECBB /* Project object */ = {
			isa = PBXProject;
			attributes = {
				BuildIndependentTargetsInParallel = 1;
				LastSwiftUpdateCheck = 1340;
				LastUpgradeCheck = 1340;
				TargetAttributes = {
					F22B26DA286E654D0034ECBB = {
						CreatedOnToolsVersion = 13.4;
					};
				};
			};
			buildConfigurationList = F22B26D6286E654D0034ECBB /* Build configuration list for PBXProject "h4x0r-news-app" */;
			compatibilityVersion = "Xcode 13.0";
			developmentRegion = en;
			hasScannedForEncodings = 0;
			knownRegions = (
				en,
				Base,
			);
			mainGroup = F22B26D2286E654D0034ECBB;
			productRefGroup = F22B26DC286E654D0034ECBB /* Products */;
			projectDirPath = "";
			projectRoot = "";
			targets = (
				F22B26DA286E654D0034ECBB /* h4x0r-news-app */,
			);
		};
/* End PBXProject section */

/* Begin PBXResourcesBuildPhase section */
		F22B26D9286E654D0034ECBB /* Resources */ = {
			isa = PBXResourcesBuildPhase;
			buildActionMask = 2147483647;
			files = (
				F22B26E6286E65540034ECBB /* Preview Assets.xcassets in Resources */,
				F22B26E3286E65540034ECBB /* Assets.xcassets in Resources */,
			);
			runOnlyForDeploymentPostprocessing = 0;
		};
/* End PBXResourcesBuildPhase section */

/* Begin PBXSourcesBuildPhase section */
		F22B26D7286E654D0034ECBB /* Sources */ = {
			isa = PBXSourcesBuildPhase;
			buildActionMask = 2147483647;
			files = (
				F22B26F4286E71C60034ECBB /* PostViewModel.swift in Sources */,
				F22B26F7286E947F0034ECBB /* DetailView.swift in Sources */,
				F22B26EE286E68EF0034ECBB /* Post.swift in Sources */,
				F22B26E1286E654D0034ECBB /* ContentView.swift in Sources */,
				F22B26DF286E654D0034ECBB /* h4x0r_news_appApp.swift in Sources */,
				F22B26F1286E6C720034ECBB /* PostService.swift in Sources */,
				F22B26F9286E99350034ECBB /* WebView.swift in Sources */,
			);
			runOnlyForDeploymentPostprocessing = 0;
		};
/* End PBXSourcesBuildPhase section */

/* Begin XCBuildConfiguration section */
		F22B26E7286E65540034ECBB /* Debug */ = {
			isa = XCBuildConfiguration;
			buildSettings = {
				ALWAYS_SEARCH_USER_PATHS = NO;
				CLANG_ANALYZER_NONNULL = YES;
				CLANG_ANALYZER_NUMBER_OBJECT_CONVERSION = YES_AGGRESSIVE;
				CLANG_CXX_LANGUAGE_STANDARD = "gnu++17";
				CLANG_ENABLE_MODULES = YES;
				CLANG_ENABLE_OBJC_ARC = YES;
				CLANG_ENABLE_OBJC_WEAK = YES;
				CLANG_WARN_BLOCK_CAPTURE_AUTORELEASING = YES;
				CLANG_WARN_BOOL_CONVERSION = YES;
				CLANG_WARN_COMMA = YES;
				CLANG_WARN_CONSTANT_CONVERSION = YES;
				CLANG_WARN_DEPRECATED_OBJC_IMPLEMENTATIONS = YES;
				CLANG_WARN_DIRECT_OBJC_ISA_USAGE = YES_ERROR;
				CLANG_WARN_DOCUMENTATION_COMMENTS = YES;
				CLANG_WARN_EMPTY_BODY = YES;
				CLANG_WARN_ENUM_CONVERSION = YES;
				CLANG_WARN_INFINITE_RECURSION = YES;
				CLANG_WARN_INT_CONVERSION = YES;
				CLANG_WARN_NON_LITERAL_NULL_CONVERSION = YES;
				CLANG_WARN_OBJC_IMPLICIT_RETAIN_SELF = YES;
				CLANG_WARN_OBJC_LITERAL_CONVERSION = YES;
				CLANG_WARN_OBJC_ROOT_CLASS = YES_ERROR;
				CLANG_WARN_QUOTED_INCLUDE_IN_FRAMEWORK_HEADER = YES;
				CLANG_WARN_RANGE_LOOP_ANALYSIS = YES;
				CLANG_WARN_STRICT_PROTOTYPES = YES;
				CLANG_WARN_SUSPICIOUS_MOVE = YES;
				CLANG_WARN_UNGUARDED_AVAILABILITY = YES_AGGRESSIVE;
				CLANG_WARN_UNREACHABLE_CODE = YES;
				CLANG_WARN__DUPLICATE_METHOD_MATCH = YES;
				COPY_PHASE_STRIP = NO;
				DEBUG_INFORMATION_FORMAT = dwarf;
				ENABLE_STRICT_OBJC_MSGSEND = YES;
				ENABLE_TESTABILITY = YES;
				GCC_C_LANGUAGE_STANDARD = gnu11;
				GCC_DYNAMIC_NO_PIC = NO;
				GCC_NO_COMMON_BLOCKS = YES;
				GCC_OPTIMIZATION_LEVEL = 0;
				GCC_PREPROCESSOR_DEFINITIONS = (
					"DEBUG=1",
					"$(inherited)",
				);
				GCC_WARN_64_TO_32_BIT_CONVERSION = YES;
				GCC_WARN_ABOUT_RETURN_TYPE = YES_ERROR;
				GCC_WARN_UNDECLARED_SELECTOR = YES;
				GCC_WARN_UNINITIALIZED_AUTOS = YES_AGGRESSIVE;
				GCC_WARN_UNUSED_FUNCTION = YES;
				GCC_WARN_UNUSED_VARIABLE = YES;
				IPHONEOS_DEPLOYMENT_TARGET = 15.5;
				MTL_ENABLE_DEBUG_INFO = INCLUDE_SOURCE;
				MTL_FAST_MATH = YES;
				ONLY_ACTIVE_ARCH = YES;
				SDKROOT = iphoneos;
				SWIFT_ACTIVE_COMPILATION_CONDITIONS = DEBUG;
				SWIFT_OPTIMIZATION_LEVEL = "-Onone";
			};
			name = Debug;
		};
		F22B26E8286E65540034ECBB /* Release */ = {
			isa = XCBuildConfiguration;
			buildSettings = {
				ALWAYS_SEARCH_USER_PATHS = NO;
				CLANG_ANALYZER_NONNULL = YES;
				CLANG_ANALYZER_NUMBER_OBJECT_CONVERSION = YES_AGGRESSIVE;
				CLANG_CXX_LANGUAGE_STANDARD = "gnu++17";
				CLANG_ENABLE_MODULES = YES;
				CLANG_ENABLE_OBJC_ARC = YES;
				CLANG_ENABLE_OBJC_WEAK = YES;
				CLANG_WARN_BLOCK_CAPTURE_AUTORELEASING = YES;
				CLANG_WARN_BOOL_CONVERSION = YES;
				CLANG_WARN_COMMA = YES;
				CLANG_WARN_CONSTANT_CONVERSION = YES;
				CLANG_WARN_DEPRECATED_OBJC_IMPLEMENTATIONS = YES;
				CLANG_WARN_DIRECT_OBJC_ISA_USAGE = YES_ERROR;
				CLANG_WARN_DOCUMENTATION_COMMENTS = YES;
				CLANG_WARN_EMPTY_BODY = YES;
				CLANG_WARN_ENUM_CONVERSION = YES;
				CLANG_WARN_INFINITE_RECURSION = YES;
				CLANG_WARN_INT_CONVERSION = YES;
				CLANG_WARN_NON_LITERAL_NULL_CONVERSION = YES;
				CLANG_WARN_OBJC_IMPLICIT_RETAIN_SELF = YES;
				CLANG_WARN_OBJC_LITERAL_CONVERSION = YES;
				CLANG_WARN_OBJC_ROOT_CLASS = YES_ERROR;
				CLANG_WARN_QUOTED_INCLUDE_IN_FRAMEWORK_HEADER = YES;
				CLANG_WARN_RANGE_LOOP_ANALYSIS = YES;
				CLANG_WARN_STRICT_PROTOTYPES = YES;
				CLANG_WARN_SUSPICIOUS_MOVE = YES;
				CLANG_WARN_UNGUARDED_AVAILABILITY = YES_AGGRESSIVE;
				CLANG_WARN_UNREACHABLE_CODE = YES;
				CLANG_WARN__DUPLICATE_METHOD_MATCH = YES;
				COPY_PHASE_STRIP = NO;
				DEBUG_INFORMATION_FORMAT = "dwarf-with-dsym";
				ENABLE_NS_ASSERTIONS = NO;
				ENABLE_STRICT_OBJC_MSGSEND = YES;
				GCC_C_LANGUAGE_STANDARD = gnu11;
				GCC_NO_COMMON_BLOCKS = YES;
				GCC_WARN_64_TO_32_BIT_CONVERSION = YES;
				GCC_WARN_ABOUT_RETURN_TYPE = YES_ERROR;
				GCC_WARN_UNDECLARED_SELECTOR = YES;
				GCC_WARN_UNINITIALIZED_AUTOS = YES_AGGRESSIVE;
				GCC_WARN_UNUSED_FUNCTION = YES;
				GCC_WARN_UNUSED_VARIABLE = YES;
				IPHONEOS_DEPLOYMENT_TARGET = 15.5;
				MTL_ENABLE_DEBUG_INFO = NO;
				MTL_FAST_MATH = YES;
				SDKROOT = iphoneos;
				SWIFT_COMPILATION_MODE = wholemodule;
				SWIFT_OPTIMIZATION_LEVEL = "-O";
				VALIDATE_PRODUCT = YES;
			};
			name = Release;
		};
		F22B26EA286E65540034ECBB /* Debug */ = {
			isa = XCBuildConfiguration;
			buildSettings = {
				ASSETCATALOG_COMPILER_APPICON_NAME = AppIcon;
				ASSETCATALOG_COMPILER_GLOBAL_ACCENT_COLOR_NAME = AccentColor;
				CODE_SIGN_STYLE = Automatic;
				CURRENT_PROJECT_VERSION = 1;
				DEVELOPMENT_ASSET_PATHS = "\"h4x0r-news-app/Preview Content\"";
				DEVELOPMENT_TEAM = 6R73P3M5QG;
				ENABLE_PREVIEWS = YES;
				GENERATE_INFOPLIST_FILE = YES;
				INFOPLIST_KEY_UIApplicationSceneManifest_Generation = YES;
				INFOPLIST_KEY_UIApplicationSupportsIndirectInputEvents = YES;
				INFOPLIST_KEY_UILaunchScreen_Generation = YES;
				INFOPLIST_KEY_UISupportedInterfaceOrientations_iPad = "UIInterfaceOrientationPortrait UIInterfaceOrientationPortraitUpsideDown UIInterfaceOrientationLandscapeLeft UIInterfaceOrientationLandscapeRight";
				INFOPLIST_KEY_UISupportedInterfaceOrientations_iPhone = "UIInterfaceOrientationPortrait UIInterfaceOrientationLandscapeLeft UIInterfaceOrientationLandscapeRight";
				LD_RUNPATH_SEARCH_PATHS = (
					"$(inherited)",
					"@executable_path/Frameworks",
				);
				MARKETING_VERSION = 1.0;
				PRODUCT_BUNDLE_IDENTIFIER = "matela.h4x0r-news-app";
				PRODUCT_NAME = "$(TARGET_NAME)";
				SWIFT_EMIT_LOC_STRINGS = YES;
				SWIFT_VERSION = 5.0;
				TARGETED_DEVICE_FAMILY = "1,2";
			};
			name = Debug;
		};
		F22B26EB286E65540034ECBB /* Release */ = {
			isa = XCBuildConfiguration;
			buildSettings = {
				ASSETCATALOG_COMPILER_APPICON_NAME = AppIcon;
				ASSETCATALOG_COMPILER_GLOBAL_ACCENT_COLOR_NAME = AccentColor;
				CODE_SIGN_STYLE = Automatic;
				CURRENT_PROJECT_VERSION = 1;
				DEVELOPMENT_ASSET_PATHS = "\"h4x0r-news-app/Preview Content\"";
				DEVELOPMENT_TEAM = 6R73P3M5QG;
				ENABLE_PREVIEWS = YES;
				GENERATE_INFOPLIST_FILE = YES;
				INFOPLIST_KEY_UIApplicationSceneManifest_Generation = YES;
				INFOPLIST_KEY_UIApplicationSupportsIndirectInputEvents = YES;
				INFOPLIST_KEY_UILaunchScreen_Generation = YES;
				INFOPLIST_KEY_UISupportedInterfaceOrientations_iPad = "UIInterfaceOrientationPortrait UIInterfaceOrientationPortraitUpsideDown UIInterfaceOrientationLandscapeLeft UIInterfaceOrientationLandscapeRight";
				INFOPLIST_KEY_UISupportedInterfaceOrientations_iPhone = "UIInterfaceOrientationPortrait UIInterfaceOrientationLandscapeLeft UIInterfaceOrientationLandscapeRight";
				LD_RUNPATH_SEARCH_PATHS = (
					"$(inherited)",
					"@executable_path/Frameworks",
				);
				MARKETING_VERSION = 1.0;
				PRODUCT_BUNDLE_IDENTIFIER = "matela.h4x0r-news-app";
				PRODUCT_NAME = "$(TARGET_NAME)";
				SWIFT_EMIT_LOC_STRINGS = YES;
				SWIFT_VERSION = 5.0;
				TARGETED_DEVICE_FAMILY = "1,2";
			};
			name = Release;
		};
/* End XCBuildConfiguration section */

/* Begin XCConfigurationList section */
		F22B26D6286E654D0034ECBB /* Build configuration list for PBXProject "h4x0r-news-app" */ = {
			isa = XCConfigurationList;
			buildConfigurations = (
				F22B26E7286E65540034ECBB /* Debug */,
				F22B26E8286E65540034ECBB /* Release */,
			);
			defaultConfigurationIsVisible = 0;
			defaultConfigurationName = Release;
		};
		F22B26E9286E65540034ECBB /* Build configuration list for PBXNativeTarget "h4x0r-news-app" */ = {
			isa = XCConfigurationList;
			buildConfigurations = (
				F22B26EA286E65540034ECBB /* Debug */,
				F22B26EB286E65540034ECBB /* Release */,
			);
			defaultConfigurationIsVisible = 0;
			defaultConfigurationName = Release;
		};
/* End XCConfigurationList section */
	};
	rootObject = F22B26D3286E654D0034ECBB /* Project object */;
}
